// !$*UTF8*$!
{
	archiveVersion = 1;
	classes = {
	};
	objectVersion = 50;
	objects = {

/* Begin PBXBuildFile section */
		030117DA20F412F1006E7D4C /* AppDelegate.m in Sources */ = {isa = PBXBuildFile; fileRef = 030117D920F412F1006E7D4C /* AppDelegate.m */; };
		030117E020F412F1006E7D4C /* Main.storyboard in Resources */ = {isa = PBXBuildFile; fileRef = 030117DE20F412F1006E7D4C /* Main.storyboard */; };
		030117E220F412F2006E7D4C /* Assets.xcassets in Resources */ = {isa = PBXBuildFile; fileRef = 030117E120F412F2006E7D4C /* Assets.xcassets */; };
		030117E520F412F2006E7D4C /* LaunchScreen.storyboard in Resources */ = {isa = PBXBuildFile; fileRef = 030117E320F412F2006E7D4C /* LaunchScreen.storyboard */; };
		030117E820F412F2006E7D4C /* main.m in Sources */ = {isa = PBXBuildFile; fileRef = 030117E720F412F2006E7D4C /* main.m */; };
		030117F220F412F2006E7D4C /* InstantgramTests.m in Sources */ = {isa = PBXBuildFile; fileRef = 030117F120F412F2006E7D4C /* InstantgramTests.m */; };
		030117FD20F412F3006E7D4C /* InstantgramUITests.m in Sources */ = {isa = PBXBuildFile; fileRef = 030117FC20F412F3006E7D4C /* InstantgramUITests.m */; };
		0301180C20F42291006E7D4C /* LoginViewController.m in Sources */ = {isa = PBXBuildFile; fileRef = 0301180B20F42291006E7D4C /* LoginViewController.m */; };
		0301180F20F42A75006E7D4C /* FeedViewController.m in Sources */ = {isa = PBXBuildFile; fileRef = 0301180E20F42A75006E7D4C /* FeedViewController.m */; };
		0301181520F43A95006E7D4C /* PostViewController.m in Sources */ = {isa = PBXBuildFile; fileRef = 0301181420F43A95006E7D4C /* PostViewController.m */; };
		0301181820F52589006E7D4C /* Post.m in Sources */ = {isa = PBXBuildFile; fileRef = 0301181720F52589006E7D4C /* Post.m */; };
		0301181B20F52647006E7D4C /* PostCell.m in Sources */ = {isa = PBXBuildFile; fileRef = 0301181A20F52647006E7D4C /* PostCell.m */; };
		0301181F20F57417006E7D4C /* DetailViewController.m in Sources */ = {isa = PBXBuildFile; fileRef = 0301181E20F57417006E7D4C /* DetailViewController.m */; };
		0301182220F5B02A006E7D4C /* ProfileViewController.m in Sources */ = {isa = PBXBuildFile; fileRef = 0301182120F5B02A006E7D4C /* ProfileViewController.m */; };
		03EEBE7D20F6BC8600E6BBFA /* CollectionFeedCell.m in Sources */ = {isa = PBXBuildFile; fileRef = 03EEBE7C20F6BC8600E6BBFA /* CollectionFeedCell.m */; };
		03EEBE8320F7D56300E6BBFA /* HeaderCell.m in Sources */ = {isa = PBXBuildFile; fileRef = 03EEBE8220F7D56300E6BBFA /* HeaderCell.m */; };
		03EEBE8620F7EFEB00E6BBFA /* PFUser+ExtendUser.m in Sources */ = {isa = PBXBuildFile; fileRef = 03EEBE8520F7EFEB00E6BBFA /* PFUser+ExtendUser.m */; };
		03EEBE8920F8204600E6BBFA /* ButtonWithUser.m in Sources */ = {isa = PBXBuildFile; fileRef = 03EEBE8820F8204600E6BBFA /* ButtonWithUser.m */; };
		03EEBE8B20F82C1F00E6BBFA /* launch_gradient.jpg in Resources */ = {isa = PBXBuildFile; fileRef = 03EEBE8A20F82C1F00E6BBFA /* launch_gradient.jpg */; };
		4EF9FD7EA66D5B0FDA8C6DC0 /* libPods-InstantgramUITests.a in Frameworks */ = {isa = PBXBuildFile; fileRef = D6CE06EBD5F3DFD76CA89FD2 /* libPods-InstantgramUITests.a */; };
		852D4A42B1BF971B628DAAAB /* libPods-InstantgramTests.a in Frameworks */ = {isa = PBXBuildFile; fileRef = CC49863F20820DC4C55EFCD9 /* libPods-InstantgramTests.a */; };
		D8CF8C87F72BBDA273514847 /* libPods-Instantgram.a in Frameworks */ = {isa = PBXBuildFile; fileRef = 8743820A57AE1AAB02D851E6 /* libPods-Instantgram.a */; };
/* End PBXBuildFile section */

/* Begin PBXContainerItemProxy section */
		030117EE20F412F2006E7D4C /* PBXContainerItemProxy */ = {
			isa = PBXContainerItemProxy;
			containerPortal = 030117CD20F412F1006E7D4C /* Project object */;
			proxyType = 1;
			remoteGlobalIDString = 030117D420F412F1006E7D4C;
			remoteInfo = Instantgram;
		};
		030117F920F412F2006E7D4C /* PBXContainerItemProxy */ = {
			isa = PBXContainerItemProxy;
			containerPortal = 030117CD20F412F1006E7D4C /* Project object */;
			proxyType = 1;
			remoteGlobalIDString = 030117D420F412F1006E7D4C;
			remoteInfo = Instantgram;
		};
/* End PBXContainerItemProxy section */

/* Begin PBXFileReference section */
		030117D520F412F1006E7D4C /* Instantgram.app */ = {isa = PBXFileReference; explicitFileType = wrapper.application; includeInIndex = 0; path = Instantgram.app; sourceTree = BUILT_PRODUCTS_DIR; };
		030117D820F412F1006E7D4C /* AppDelegate.h */ = {isa = PBXFileReference; lastKnownFileType = sourcecode.c.h; path = AppDelegate.h; sourceTree = "<group>"; };
		030117D920F412F1006E7D4C /* AppDelegate.m */ = {isa = PBXFileReference; lastKnownFileType = sourcecode.c.objc; path = AppDelegate.m; sourceTree = "<group>"; };
		030117DF20F412F1006E7D4C /* Base */ = {isa = PBXFileReference; lastKnownFileType = file.storyboard; name = Base; path = Base.lproj/Main.storyboard; sourceTree = "<group>"; };
		030117E120F412F2006E7D4C /* Assets.xcassets */ = {isa = PBXFileReference; lastKnownFileType = folder.assetcatalog; path = Assets.xcassets; sourceTree = "<group>"; };
		030117E420F412F2006E7D4C /* Base */ = {isa = PBXFileReference; lastKnownFileType = file.storyboard; name = Base; path = Base.lproj/LaunchScreen.storyboard; sourceTree = "<group>"; };
		030117E620F412F2006E7D4C /* Info.plist */ = {isa = PBXFileReference; lastKnownFileType = text.plist.xml; path = Info.plist; sourceTree = "<group>"; };
		030117E720F412F2006E7D4C /* main.m */ = {isa = PBXFileReference; lastKnownFileType = sourcecode.c.objc; path = main.m; sourceTree = "<group>"; };
		030117ED20F412F2006E7D4C /* InstantgramTests.xctest */ = {isa = PBXFileReference; explicitFileType = wrapper.cfbundle; includeInIndex = 0; path = InstantgramTests.xctest; sourceTree = BUILT_PRODUCTS_DIR; };
		030117F120F412F2006E7D4C /* InstantgramTests.m */ = {isa = PBXFileReference; lastKnownFileType = sourcecode.c.objc; path = InstantgramTests.m; sourceTree = "<group>"; };
		030117F320F412F2006E7D4C /* Info.plist */ = {isa = PBXFileReference; lastKnownFileType = text.plist.xml; path = Info.plist; sourceTree = "<group>"; };
		030117F820F412F2006E7D4C /* InstantgramUITests.xctest */ = {isa = PBXFileReference; explicitFileType = wrapper.cfbundle; includeInIndex = 0; path = InstantgramUITests.xctest; sourceTree = BUILT_PRODUCTS_DIR; };
		030117FC20F412F3006E7D4C /* InstantgramUITests.m */ = {isa = PBXFileReference; lastKnownFileType = sourcecode.c.objc; path = InstantgramUITests.m; sourceTree = "<group>"; };
		030117FE20F412F3006E7D4C /* Info.plist */ = {isa = PBXFileReference; lastKnownFileType = text.plist.xml; path = Info.plist; sourceTree = "<group>"; };
		0301180A20F42291006E7D4C /* LoginViewController.h */ = {isa = PBXFileReference; lastKnownFileType = sourcecode.c.h; path = LoginViewController.h; sourceTree = "<group>"; };
		0301180B20F42291006E7D4C /* LoginViewController.m */ = {isa = PBXFileReference; lastKnownFileType = sourcecode.c.objc; path = LoginViewController.m; sourceTree = "<group>"; };
		0301180D20F42A75006E7D4C /* FeedViewController.h */ = {isa = PBXFileReference; lastKnownFileType = sourcecode.c.h; path = FeedViewController.h; sourceTree = "<group>"; };
		0301180E20F42A75006E7D4C /* FeedViewController.m */ = {isa = PBXFileReference; lastKnownFileType = sourcecode.c.objc; path = FeedViewController.m; sourceTree = "<group>"; };
		0301181320F43A95006E7D4C /* PostViewController.h */ = {isa = PBXFileReference; lastKnownFileType = sourcecode.c.h; path = PostViewController.h; sourceTree = "<group>"; };
		0301181420F43A95006E7D4C /* PostViewController.m */ = {isa = PBXFileReference; lastKnownFileType = sourcecode.c.objc; path = PostViewController.m; sourceTree = "<group>"; };
		0301181620F52589006E7D4C /* Post.h */ = {isa = PBXFileReference; lastKnownFileType = sourcecode.c.h; path = Post.h; sourceTree = "<group>"; };
		0301181720F52589006E7D4C /* Post.m */ = {isa = PBXFileReference; lastKnownFileType = sourcecode.c.objc; path = Post.m; sourceTree = "<group>"; };
		0301181920F52647006E7D4C /* PostCell.h */ = {isa = PBXFileReference; lastKnownFileType = sourcecode.c.h; path = PostCell.h; sourceTree = "<group>"; };
		0301181A20F52647006E7D4C /* PostCell.m */ = {isa = PBXFileReference; lastKnownFileType = sourcecode.c.objc; path = PostCell.m; sourceTree = "<group>"; };
		0301181D20F57417006E7D4C /* DetailViewController.h */ = {isa = PBXFileReference; lastKnownFileType = sourcecode.c.h; path = DetailViewController.h; sourceTree = "<group>"; };
		0301181E20F57417006E7D4C /* DetailViewController.m */ = {isa = PBXFileReference; lastKnownFileType = sourcecode.c.objc; path = DetailViewController.m; sourceTree = "<group>"; };
		0301182020F5B02A006E7D4C /* ProfileViewController.h */ = {isa = PBXFileReference; lastKnownFileType = sourcecode.c.h; path = ProfileViewController.h; sourceTree = "<group>"; };
		0301182120F5B02A006E7D4C /* ProfileViewController.m */ = {isa = PBXFileReference; lastKnownFileType = sourcecode.c.objc; path = ProfileViewController.m; sourceTree = "<group>"; };
		03EEBE7B20F6BC8600E6BBFA /* CollectionFeedCell.h */ = {isa = PBXFileReference; lastKnownFileType = sourcecode.c.h; path = CollectionFeedCell.h; sourceTree = "<group>"; };
		03EEBE7C20F6BC8600E6BBFA /* CollectionFeedCell.m */ = {isa = PBXFileReference; lastKnownFileType = sourcecode.c.objc; path = CollectionFeedCell.m; sourceTree = "<group>"; };
		03EEBE8120F7D56300E6BBFA /* HeaderCell.h */ = {isa = PBXFileReference; lastKnownFileType = sourcecode.c.h; path = HeaderCell.h; sourceTree = "<group>"; };
		03EEBE8220F7D56300E6BBFA /* HeaderCell.m */ = {isa = PBXFileReference; lastKnownFileType = sourcecode.c.objc; path = HeaderCell.m; sourceTree = "<group>"; };
		03EEBE8420F7EFEB00E6BBFA /* PFUser+ExtendUser.h */ = {isa = PBXFileReference; lastKnownFileType = sourcecode.c.h; path = "PFUser+ExtendUser.h"; sourceTree = "<group>"; };
		03EEBE8520F7EFEB00E6BBFA /* PFUser+ExtendUser.m */ = {isa = PBXFileReference; lastKnownFileType = sourcecode.c.objc; path = "PFUser+ExtendUser.m"; sourceTree = "<group>"; };
		03EEBE8720F8204600E6BBFA /* ButtonWithUser.h */ = {isa = PBXFileReference; lastKnownFileType = sourcecode.c.h; path = ButtonWithUser.h; sourceTree = "<group>"; };
		03EEBE8820F8204600E6BBFA /* ButtonWithUser.m */ = {isa = PBXFileReference; lastKnownFileType = sourcecode.c.objc; path = ButtonWithUser.m; sourceTree = "<group>"; };
		03EEBE8A20F82C1F00E6BBFA /* launch_gradient.jpg */ = {isa = PBXFileReference; lastKnownFileType = image.jpeg; name = launch_gradient.jpg; path = ../../launch_gradient.jpg; sourceTree = "<group>"; };
		58458170CC444FD7100D3DD1 /* Pods-InstantgramTests.debug.xcconfig */ = {isa = PBXFileReference; includeInIndex = 1; lastKnownFileType = text.xcconfig; name = "Pods-InstantgramTests.debug.xcconfig"; path = "Pods/Target Support Files/Pods-InstantgramTests/Pods-InstantgramTests.debug.xcconfig"; sourceTree = "<group>"; };
		8743820A57AE1AAB02D851E6 /* libPods-Instantgram.a */ = {isa = PBXFileReference; explicitFileType = archive.ar; includeInIndex = 0; path = "libPods-Instantgram.a"; sourceTree = BUILT_PRODUCTS_DIR; };
		C0E915683B0AA2E212D0111B /* Pods-Instantgram.release.xcconfig */ = {isa = PBXFileReference; includeInIndex = 1; lastKnownFileType = text.xcconfig; name = "Pods-Instantgram.release.xcconfig"; path = "Pods/Target Support Files/Pods-Instantgram/Pods-Instantgram.release.xcconfig"; sourceTree = "<group>"; };
		CC49863F20820DC4C55EFCD9 /* libPods-InstantgramTests.a */ = {isa = PBXFileReference; explicitFileType = archive.ar; includeInIndex = 0; path = "libPods-InstantgramTests.a"; sourceTree = BUILT_PRODUCTS_DIR; };
		D5BC65EF4DEA23808EF14519 /* Pods-InstantgramTests.release.xcconfig */ = {isa = PBXFileReference; includeInIndex = 1; lastKnownFileType = text.xcconfig; name = "Pods-InstantgramTests.release.xcconfig"; path = "Pods/Target Support Files/Pods-InstantgramTests/Pods-InstantgramTests.release.xcconfig"; sourceTree = "<group>"; };
		D6CE06EBD5F3DFD76CA89FD2 /* libPods-InstantgramUITests.a */ = {isa = PBXFileReference; explicitFileType = archive.ar; includeInIndex = 0; path = "libPods-InstantgramUITests.a"; sourceTree = BUILT_PRODUCTS_DIR; };
		DAF8C435E74BEFF31F1EB7AC /* Pods-Instantgram.debug.xcconfig */ = {isa = PBXFileReference; includeInIndex = 1; lastKnownFileType = text.xcconfig; name = "Pods-Instantgram.debug.xcconfig"; path = "Pods/Target Support Files/Pods-Instantgram/Pods-Instantgram.debug.xcconfig"; sourceTree = "<group>"; };
		F03E8D78912801D38D90DD87 /* Pods-InstantgramUITests.debug.xcconfig */ = {isa = PBXFileReference; includeInIndex = 1; lastKnownFileType = text.xcconfig; name = "Pods-InstantgramUITests.debug.xcconfig"; path = "Pods/Target Support Files/Pods-InstantgramUITests/Pods-InstantgramUITests.debug.xcconfig"; sourceTree = "<group>"; };
		F46892D9928FB88BC9DCBA86 /* Pods-InstantgramUITests.release.xcconfig */ = {isa = PBXFileReference; includeInIndex = 1; lastKnownFileType = text.xcconfig; name = "Pods-InstantgramUITests.release.xcconfig"; path = "Pods/Target Support Files/Pods-InstantgramUITests/Pods-InstantgramUITests.release.xcconfig"; sourceTree = "<group>"; };
/* End PBXFileReference section */

/* Begin PBXFrameworksBuildPhase section */
		030117D220F412F1006E7D4C /* Frameworks */ = {
			isa = PBXFrameworksBuildPhase;
			buildActionMask = 2147483647;
			files = (
				D8CF8C87F72BBDA273514847 /* libPods-Instantgram.a in Frameworks */,
			);
			runOnlyForDeploymentPostprocessing = 0;
		};
		030117EA20F412F2006E7D4C /* Frameworks */ = {
			isa = PBXFrameworksBuildPhase;
			buildActionMask = 2147483647;
			files = (
				852D4A42B1BF971B628DAAAB /* libPods-InstantgramTests.a in Frameworks */,
			);
			runOnlyForDeploymentPostprocessing = 0;
		};
		030117F520F412F2006E7D4C /* Frameworks */ = {
			isa = PBXFrameworksBuildPhase;
			buildActionMask = 2147483647;
			files = (
				4EF9FD7EA66D5B0FDA8C6DC0 /* libPods-InstantgramUITests.a in Frameworks */,
			);
			runOnlyForDeploymentPostprocessing = 0;
		};
/* End PBXFrameworksBuildPhase section */

/* Begin PBXGroup section */
		030117CC20F412F1006E7D4C = {
			isa = PBXGroup;
			children = (
				030117D720F412F1006E7D4C /* Instantgram */,
				030117F020F412F2006E7D4C /* InstantgramTests */,
				030117FB20F412F3006E7D4C /* InstantgramUITests */,
				030117D620F412F1006E7D4C /* Products */,
				DA465EF9F4E7B4A05393AD80 /* Pods */,
				09C2C31632A47A713EF68E42 /* Frameworks */,
			);
			sourceTree = "<group>";
		};
		030117D620F412F1006E7D4C /* Products */ = {
			isa = PBXGroup;
			children = (
				030117D520F412F1006E7D4C /* Instantgram.app */,
				030117ED20F412F2006E7D4C /* InstantgramTests.xctest */,
				030117F820F412F2006E7D4C /* InstantgramUITests.xctest */,
			);
			name = Products;
			sourceTree = "<group>";
		};
		030117D720F412F1006E7D4C /* Instantgram */ = {
			isa = PBXGroup;
			children = (
				030117D820F412F1006E7D4C /* AppDelegate.h */,
				030117D920F412F1006E7D4C /* AppDelegate.m */,
				030117DE20F412F1006E7D4C /* Main.storyboard */,
				030117E320F412F2006E7D4C /* LaunchScreen.storyboard */,
				0301181C20F52673006E7D4C /* View Controllers */,
				03EEBE8C20F82CC800E6BBFA /* My Classes */,
				03EEBE8D20F82CD700E6BBFA /* Cells */,
				03EEBE8A20F82C1F00E6BBFA /* launch_gradient.jpg */,
				030117E120F412F2006E7D4C /* Assets.xcassets */,
				030117E620F412F2006E7D4C /* Info.plist */,
				030117E720F412F2006E7D4C /* main.m */,
			);
			path = Instantgram;
			sourceTree = "<group>";
		};
		030117F020F412F2006E7D4C /* InstantgramTests */ = {
			isa = PBXGroup;
			children = (
				030117F120F412F2006E7D4C /* InstantgramTests.m */,
				030117F320F412F2006E7D4C /* Info.plist */,
			);
			path = InstantgramTests;
			sourceTree = "<group>";
		};
		030117FB20F412F3006E7D4C /* InstantgramUITests */ = {
			isa = PBXGroup;
			children = (
				030117FC20F412F3006E7D4C /* InstantgramUITests.m */,
				030117FE20F412F3006E7D4C /* Info.plist */,
			);
			path = InstantgramUITests;
			sourceTree = "<group>";
		};
		0301181C20F52673006E7D4C /* View Controllers */ = {
			isa = PBXGroup;
			children = (
				0301181320F43A95006E7D4C /* PostViewController.h */,
				0301181420F43A95006E7D4C /* PostViewController.m */,
				0301180D20F42A75006E7D4C /* FeedViewController.h */,
				0301180E20F42A75006E7D4C /* FeedViewController.m */,
				0301180A20F42291006E7D4C /* LoginViewController.h */,
				0301180B20F42291006E7D4C /* LoginViewController.m */,
				0301181D20F57417006E7D4C /* DetailViewController.h */,
				0301181E20F57417006E7D4C /* DetailViewController.m */,
				0301182020F5B02A006E7D4C /* ProfileViewController.h */,
				0301182120F5B02A006E7D4C /* ProfileViewController.m */,
			);
			path = "View Controllers";
			sourceTree = "<group>";
		};
		03EEBE8C20F82CC800E6BBFA /* My Classes */ = {
			isa = PBXGroup;
			children = (
				03EEBE8420F7EFEB00E6BBFA /* PFUser+ExtendUser.h */,
				03EEBE8520F7EFEB00E6BBFA /* PFUser+ExtendUser.m */,
				03EEBE8720F8204600E6BBFA /* ButtonWithUser.h */,
				03EEBE8820F8204600E6BBFA /* ButtonWithUser.m */,
				0301181620F52589006E7D4C /* Post.h */,
				0301181720F52589006E7D4C /* Post.m */,
			);
			path = "My Classes";
			sourceTree = "<group>";
		};
		03EEBE8D20F82CD700E6BBFA /* Cells */ = {
			isa = PBXGroup;
			children = (
				03EEBE8120F7D56300E6BBFA /* HeaderCell.h */,
				03EEBE8220F7D56300E6BBFA /* HeaderCell.m */,
				0301181920F52647006E7D4C /* PostCell.h */,
				0301181A20F52647006E7D4C /* PostCell.m */,
				03EEBE7B20F6BC8600E6BBFA /* CollectionFeedCell.h */,
				03EEBE7C20F6BC8600E6BBFA /* CollectionFeedCell.m */,
			);
			path = Cells;
			sourceTree = "<group>";
		};
		09C2C31632A47A713EF68E42 /* Frameworks */ = {
			isa = PBXGroup;
			children = (
				8743820A57AE1AAB02D851E6 /* libPods-Instantgram.a */,
				CC49863F20820DC4C55EFCD9 /* libPods-InstantgramTests.a */,
				D6CE06EBD5F3DFD76CA89FD2 /* libPods-InstantgramUITests.a */,
			);
			name = Frameworks;
			sourceTree = "<group>";
		};
		DA465EF9F4E7B4A05393AD80 /* Pods */ = {
			isa = PBXGroup;
			children = (
				DAF8C435E74BEFF31F1EB7AC /* Pods-Instantgram.debug.xcconfig */,
				C0E915683B0AA2E212D0111B /* Pods-Instantgram.release.xcconfig */,
				58458170CC444FD7100D3DD1 /* Pods-InstantgramTests.debug.xcconfig */,
				D5BC65EF4DEA23808EF14519 /* Pods-InstantgramTests.release.xcconfig */,
				F03E8D78912801D38D90DD87 /* Pods-InstantgramUITests.debug.xcconfig */,
				F46892D9928FB88BC9DCBA86 /* Pods-InstantgramUITests.release.xcconfig */,
			);
			name = Pods;
			sourceTree = "<group>";
		};
/* End PBXGroup section */

/* Begin PBXNativeTarget section */
		030117D420F412F1006E7D4C /* Instantgram */ = {
			isa = PBXNativeTarget;
			buildConfigurationList = 0301180120F412F3006E7D4C /* Build configuration list for PBXNativeTarget "Instantgram" */;
			buildPhases = (
				F9848930B4E58CBB0A5B3781 /* [CP] Check Pods Manifest.lock */,
				030117D120F412F1006E7D4C /* Sources */,
				030117D220F412F1006E7D4C /* Frameworks */,
				030117D320F412F1006E7D4C /* Resources */,
				03F52C526AD2053266373D77 /* [CP] Copy Pods Resources */,
			);
			buildRules = (
			);
			dependencies = (
			);
			name = Instantgram;
			productName = Instantgram;
			productReference = 030117D520F412F1006E7D4C /* Instantgram.app */;
			productType = "com.apple.product-type.application";
		};
		030117EC20F412F2006E7D4C /* InstantgramTests */ = {
			isa = PBXNativeTarget;
			buildConfigurationList = 0301180420F412F3006E7D4C /* Build configuration list for PBXNativeTarget "InstantgramTests" */;
			buildPhases = (
				DC34969FB4741BF8AF49D201 /* [CP] Check Pods Manifest.lock */,
				030117E920F412F2006E7D4C /* Sources */,
				030117EA20F412F2006E7D4C /* Frameworks */,
				030117EB20F412F2006E7D4C /* Resources */,
			);
			buildRules = (
			);
			dependencies = (
				030117EF20F412F2006E7D4C /* PBXTargetDependency */,
			);
			name = InstantgramTests;
			productName = InstantgramTests;
			productReference = 030117ED20F412F2006E7D4C /* InstantgramTests.xctest */;
			productType = "com.apple.product-type.bundle.unit-test";
		};
		030117F720F412F2006E7D4C /* InstantgramUITests */ = {
			isa = PBXNativeTarget;
			buildConfigurationList = 0301180720F412F3006E7D4C /* Build configuration list for PBXNativeTarget "InstantgramUITests" */;
			buildPhases = (
				15536209C3F65368671897F6 /* [CP] Check Pods Manifest.lock */,
				030117F420F412F2006E7D4C /* Sources */,
				030117F520F412F2006E7D4C /* Frameworks */,
				030117F620F412F2006E7D4C /* Resources */,
			);
			buildRules = (
			);
			dependencies = (
				030117FA20F412F2006E7D4C /* PBXTargetDependency */,
			);
			name = InstantgramUITests;
			productName = InstantgramUITests;
			productReference = 030117F820F412F2006E7D4C /* InstantgramUITests.xctest */;
			productType = "com.apple.product-type.bundle.ui-testing";
		};
/* End PBXNativeTarget section */

/* Begin PBXProject section */
		030117CD20F412F1006E7D4C /* Project object */ = {
			isa = PBXProject;
			attributes = {
				LastUpgradeCheck = 0940;
				ORGANIZATIONNAME = FBU;
				TargetAttributes = {
					030117D420F412F1006E7D4C = {
						CreatedOnToolsVersion = 9.4.1;
					};
					030117EC20F412F2006E7D4C = {
						CreatedOnToolsVersion = 9.4.1;
						TestTargetID = 030117D420F412F1006E7D4C;
					};
					030117F720F412F2006E7D4C = {
						CreatedOnToolsVersion = 9.4.1;
						TestTargetID = 030117D420F412F1006E7D4C;
					};
				};
			};
			buildConfigurationList = 030117D020F412F1006E7D4C /* Build configuration list for PBXProject "Instantgram" */;
			compatibilityVersion = "Xcode 9.3";
			developmentRegion = en;
			hasScannedForEncodings = 0;
			knownRegions = (
				en,
				Base,
			);
			mainGroup = 030117CC20F412F1006E7D4C;
			productRefGroup = 030117D620F412F1006E7D4C /* Products */;
			projectDirPath = "";
			projectRoot = "";
			targets = (
				030117D420F412F1006E7D4C /* Instantgram */,
				030117EC20F412F2006E7D4C /* InstantgramTests */,
				030117F720F412F2006E7D4C /* InstantgramUITests */,
			);
		};
/* End PBXProject section */

/* Begin PBXResourcesBuildPhase section */
		030117D320F412F1006E7D4C /* Resources */ = {
			isa = PBXResourcesBuildPhase;
			buildActionMask = 2147483647;
			files = (
				030117E520F412F2006E7D4C /* LaunchScreen.storyboard in Resources */,
				030117E220F412F2006E7D4C /* Assets.xcassets in Resources */,
				03EEBE8B20F82C1F00E6BBFA /* launch_gradient.jpg in Resources */,
				030117E020F412F1006E7D4C /* Main.storyboard in Resources */,
			);
			runOnlyForDeploymentPostprocessing = 0;
		};
		030117EB20F412F2006E7D4C /* Resources */ = {
			isa = PBXResourcesBuildPhase;
			buildActionMask = 2147483647;
			files = (
			);
			runOnlyForDeploymentPostprocessing = 0;
		};
		030117F620F412F2006E7D4C /* Resources */ = {
			isa = PBXResourcesBuildPhase;
			buildActionMask = 2147483647;
			files = (
			);
			runOnlyForDeploymentPostprocessing = 0;
		};
/* End PBXResourcesBuildPhase section */

/* Begin PBXShellScriptBuildPhase section */
		03F52C526AD2053266373D77 /* [CP] Copy Pods Resources */ = {
			isa = PBXShellScriptBuildPhase;
			buildActionMask = 2147483647;
			files = (
			);
			inputPaths = (
				"${SRCROOT}/Pods/Target Support Files/Pods-Instantgram/Pods-Instantgram-resources.sh",
				"${PODS_ROOT}/DateTools/DateTools/DateTools/DateTools.bundle",
				"${PODS_CONFIGURATION_BUILD_DIR}/Parse/Parse.bundle",
			);
			name = "[CP] Copy Pods Resources";
			outputPaths = (
				"${TARGET_BUILD_DIR}/${UNLOCALIZED_RESOURCES_FOLDER_PATH}/DateTools.bundle",
				"${TARGET_BUILD_DIR}/${UNLOCALIZED_RESOURCES_FOLDER_PATH}/Parse.bundle",
			);
			runOnlyForDeploymentPostprocessing = 0;
			shellPath = /bin/sh;
			shellScript = "\"${SRCROOT}/Pods/Target Support Files/Pods-Instantgram/Pods-Instantgram-resources.sh\"\n";
			showEnvVarsInLog = 0;
		};
		15536209C3F65368671897F6 /* [CP] Check Pods Manifest.lock */ = {
			isa = PBXShellScriptBuildPhase;
			buildActionMask = 2147483647;
			files = (
			);
			inputPaths = (
				"${PODS_PODFILE_DIR_PATH}/Podfile.lock",
				"${PODS_ROOT}/Manifest.lock",
			);
			name = "[CP] Check Pods Manifest.lock";
			outputPaths = (
				"$(DERIVED_FILE_DIR)/Pods-InstantgramUITests-checkManifestLockResult.txt",
			);
			runOnlyForDeploymentPostprocessing = 0;
			shellPath = /bin/sh;
			shellScript = "diff \"${PODS_PODFILE_DIR_PATH}/Podfile.lock\" \"${PODS_ROOT}/Manifest.lock\" > /dev/null\nif [ $? != 0 ] ; then\n    # print error to STDERR\n    echo \"error: The sandbox is not in sync with the Podfile.lock. Run 'pod install' or update your CocoaPods installation.\" >&2\n    exit 1\nfi\n# This output is used by Xcode 'outputs' to avoid re-running this script phase.\necho \"SUCCESS\" > \"${SCRIPT_OUTPUT_FILE_0}\"\n";
			showEnvVarsInLog = 0;
		};
		DC34969FB4741BF8AF49D201 /* [CP] Check Pods Manifest.lock */ = {
			isa = PBXShellScriptBuildPhase;
			buildActionMask = 2147483647;
			files = (
			);
			inputPaths = (
				"${PODS_PODFILE_DIR_PATH}/Podfile.lock",
				"${PODS_ROOT}/Manifest.lock",
			);
			name = "[CP] Check Pods Manifest.lock";
			outputPaths = (
				"$(DERIVED_FILE_DIR)/Pods-InstantgramTests-checkManifestLockResult.txt",
			);
			runOnlyForDeploymentPostprocessing = 0;
			shellPath = /bin/sh;
			shellScript = "diff \"${PODS_PODFILE_DIR_PATH}/Podfile.lock\" \"${PODS_ROOT}/Manifest.lock\" > /dev/null\nif [ $? != 0 ] ; then\n    # print error to STDERR\n    echo \"error: The sandbox is not in sync with the Podfile.lock. Run 'pod install' or update your CocoaPods installation.\" >&2\n    exit 1\nfi\n# This output is used by Xcode 'outputs' to avoid re-running this script phase.\necho \"SUCCESS\" > \"${SCRIPT_OUTPUT_FILE_0}\"\n";
			showEnvVarsInLog = 0;
		};
		F9848930B4E58CBB0A5B3781 /* [CP] Check Pods Manifest.lock */ = {
			isa = PBXShellScriptBuildPhase;
			buildActionMask = 2147483647;
			files = (
			);
			inputPaths = (
				"${PODS_PODFILE_DIR_PATH}/Podfile.lock",
				"${PODS_ROOT}/Manifest.lock",
			);
			name = "[CP] Check Pods Manifest.lock";
			outputPaths = (
				"$(DERIVED_FILE_DIR)/Pods-Instantgram-checkManifestLockResult.txt",
			);
			runOnlyForDeploymentPostprocessing = 0;
			shellPath = /bin/sh;
			shellScript = "diff \"${PODS_PODFILE_DIR_PATH}/Podfile.lock\" \"${PODS_ROOT}/Manifest.lock\" > /dev/null\nif [ $? != 0 ] ; then\n    # print error to STDERR\n    echo \"error: The sandbox is not in sync with the Podfile.lock. Run 'pod install' or update your CocoaPods installation.\" >&2\n    exit 1\nfi\n# This output is used by Xcode 'outputs' to avoid re-running this script phase.\necho \"SUCCESS\" > \"${SCRIPT_OUTPUT_FILE_0}\"\n";
			showEnvVarsInLog = 0;
		};
/* End PBXShellScriptBuildPhase section */

/* Begin PBXSourcesBuildPhase section */
		030117D120F412F1006E7D4C /* Sources */ = {
			isa = PBXSourcesBuildPhase;
			buildActionMask = 2147483647;
			files = (
				0301180C20F42291006E7D4C /* LoginViewController.m in Sources */,
				0301182220F5B02A006E7D4C /* ProfileViewController.m in Sources */,
				0301181820F52589006E7D4C /* Post.m in Sources */,
				03EEBE7D20F6BC8600E6BBFA /* CollectionFeedCell.m in Sources */,
				03EEBE8920F8204600E6BBFA /* ButtonWithUser.m in Sources */,
				03EEBE8320F7D56300E6BBFA /* HeaderCell.m in Sources */,
				030117E820F412F2006E7D4C /* main.m in Sources */,
				03EEBE8620F7EFEB00E6BBFA /* PFUser+ExtendUser.m in Sources */,
				0301181F20F57417006E7D4C /* DetailViewController.m in Sources */,
				0301180F20F42A75006E7D4C /* FeedViewController.m in Sources */,
				0301181B20F52647006E7D4C /* PostCell.m in Sources */,
				030117DA20F412F1006E7D4C /* AppDelegate.m in Sources */,
				0301181520F43A95006E7D4C /* PostViewController.m in Sources */,
			);
			runOnlyForDeploymentPostprocessing = 0;
		};
		030117E920F412F2006E7D4C /* Sources */ = {
			isa = PBXSourcesBuildPhase;
			buildActionMask = 2147483647;
			files = (
				030117F220F412F2006E7D4C /* InstantgramTests.m in Sources */,
			);
			runOnlyForDeploymentPostprocessing = 0;
		};
		030117F420F412F2006E7D4C /* Sources */ = {
			isa = PBXSourcesBuildPhase;
			buildActionMask = 2147483647;
			files = (
				030117FD20F412F3006E7D4C /* InstantgramUITests.m in Sources */,
			);
			runOnlyForDeploymentPostprocessing = 0;
		};
/* End PBXSourcesBuildPhase section */

/* Begin PBXTargetDependency section */
		030117EF20F412F2006E7D4C /* PBXTargetDependency */ = {
			isa = PBXTargetDependency;
			target = 030117D420F412F1006E7D4C /* Instantgram */;
			targetProxy = 030117EE20F412F2006E7D4C /* PBXContainerItemProxy */;
		};
		030117FA20F412F2006E7D4C /* PBXTargetDependency */ = {
			isa = PBXTargetDependency;
			target = 030117D420F412F1006E7D4C /* Instantgram */;
			targetProxy = 030117F920F412F2006E7D4C /* PBXContainerItemProxy */;
		};
/* End PBXTargetDependency section */

/* Begin PBXVariantGroup section */
		030117DE20F412F1006E7D4C /* Main.storyboard */ = {
			isa = PBXVariantGroup;
			children = (
				030117DF20F412F1006E7D4C /* Base */,
			);
			name = Main.storyboard;
			sourceTree = "<group>";
		};
		030117E320F412F2006E7D4C /* LaunchScreen.storyboard */ = {
			isa = PBXVariantGroup;
			children = (
				030117E420F412F2006E7D4C /* Base */,
			);
			name = LaunchScreen.storyboard;
			sourceTree = "<group>";
		};
/* End PBXVariantGroup section */

/* Begin XCBuildConfiguration section */
		030117FF20F412F3006E7D4C /* Debug */ = {
			isa = XCBuildConfiguration;
			buildSettings = {
				ALWAYS_SEARCH_USER_PATHS = NO;
				CLANG_ANALYZER_NONNULL = YES;
				CLANG_ANALYZER_NUMBER_OBJECT_CONVERSION = YES_AGGRESSIVE;
				CLANG_CXX_LANGUAGE_STANDARD = "gnu++14";
				CLANG_CXX_LIBRARY = "libc++";
				CLANG_ENABLE_MODULES = YES;
				CLANG_ENABLE_OBJC_ARC = YES;
				CLANG_ENABLE_OBJC_WEAK = YES;
				CLANG_WARN_BLOCK_CAPTURE_AUTORELEASING = YES;
				CLANG_WARN_BOOL_CONVERSION = YES;
				CLANG_WARN_COMMA = YES;
				CLANG_WARN_CONSTANT_CONVERSION = YES;
				CLANG_WARN_DEPRECATED_OBJC_IMPLEMENTATIONS = YES;
				CLANG_WARN_DIRECT_OBJC_ISA_USAGE = YES_ERROR;
				CLANG_WARN_DOCUMENTATION_COMMENTS = YES;
				CLANG_WARN_EMPTY_BODY = YES;
				CLANG_WARN_ENUM_CONVERSION = YES;
				CLANG_WARN_INFINITE_RECURSION = YES;
				CLANG_WARN_INT_CONVERSION = YES;
				CLANG_WARN_NON_LITERAL_NULL_CONVERSION = YES;
				CLANG_WARN_OBJC_IMPLICIT_RETAIN_SELF = YES;
				CLANG_WARN_OBJC_LITERAL_CONVERSION = YES;
				CLANG_WARN_OBJC_ROOT_CLASS = YES_ERROR;
				CLANG_WARN_RANGE_LOOP_ANALYSIS = YES;
				CLANG_WARN_STRICT_PROTOTYPES = YES;
				CLANG_WARN_SUSPICIOUS_MOVE = YES;
				CLANG_WARN_UNGUARDED_AVAILABILITY = YES_AGGRESSIVE;
				CLANG_WARN_UNREACHABLE_CODE = YES;
				CLANG_WARN__DUPLICATE_METHOD_MATCH = YES;
				CODE_SIGN_IDENTITY = "iPhone Developer";
				COPY_PHASE_STRIP = NO;
				DEBUG_INFORMATION_FORMAT = dwarf;
				ENABLE_STRICT_OBJC_MSGSEND = YES;
				ENABLE_TESTABILITY = YES;
				GCC_C_LANGUAGE_STANDARD = gnu11;
				GCC_DYNAMIC_NO_PIC = NO;
				GCC_NO_COMMON_BLOCKS = YES;
				GCC_OPTIMIZATION_LEVEL = 0;
				GCC_PREPROCESSOR_DEFINITIONS = (
					"DEBUG=1",
					"$(inherited)",
				);
				GCC_WARN_64_TO_32_BIT_CONVERSION = YES;
				GCC_WARN_ABOUT_RETURN_TYPE = YES_ERROR;
				GCC_WARN_UNDECLARED_SELECTOR = YES;
				GCC_WARN_UNINITIALIZED_AUTOS = YES_AGGRESSIVE;
				GCC_WARN_UNUSED_FUNCTION = YES;
				GCC_WARN_UNUSED_VARIABLE = YES;
				IPHONEOS_DEPLOYMENT_TARGET = 11.4;
				MTL_ENABLE_DEBUG_INFO = YES;
				ONLY_ACTIVE_ARCH = YES;
				SDKROOT = iphoneos;
			};
			name = Debug;
		};
		0301180020F412F3006E7D4C /* Release */ = {
			isa = XCBuildConfiguration;
			buildSettings = {
				ALWAYS_SEARCH_USER_PATHS = NO;
				CLANG_ANALYZER_NONNULL = YES;
				CLANG_ANALYZER_NUMBER_OBJECT_CONVERSION = YES_AGGRESSIVE;
				CLANG_CXX_LANGUAGE_STANDARD = "gnu++14";
				CLANG_CXX_LIBRARY = "libc++";
				CLANG_ENABLE_MODULES = YES;
				CLANG_ENABLE_OBJC_ARC = YES;
				CLANG_ENABLE_OBJC_WEAK = YES;
				CLANG_WARN_BLOCK_CAPTURE_AUTORELEASING = YES;
				CLANG_WARN_BOOL_CONVERSION = YES;
				CLANG_WARN_COMMA = YES;
				CLANG_WARN_CONSTANT_CONVERSION = YES;
				CLANG_WARN_DEPRECATED_OBJC_IMPLEMENTATIONS = YES;
				CLANG_WARN_DIRECT_OBJC_ISA_USAGE = YES_ERROR;
				CLANG_WARN_DOCUMENTATION_COMMENTS = YES;
				CLANG_WARN_EMPTY_BODY = YES;
				CLANG_WARN_ENUM_CONVERSION = YES;
				CLANG_WARN_INFINITE_RECURSION = YES;
				CLANG_WARN_INT_CONVERSION = YES;
				CLANG_WARN_NON_LITERAL_NULL_CONVERSION = YES;
				CLANG_WARN_OBJC_IMPLICIT_RETAIN_SELF = YES;
				CLANG_WARN_OBJC_LITERAL_CONVERSION = YES;
				CLANG_WARN_OBJC_ROOT_CLASS = YES_ERROR;
				CLANG_WARN_RANGE_LOOP_ANALYSIS = YES;
				CLANG_WARN_STRICT_PROTOTYPES = YES;
				CLANG_WARN_SUSPICIOUS_MOVE = YES;
				CLANG_WARN_UNGUARDED_AVAILABILITY = YES_AGGRESSIVE;
				CLANG_WARN_UNREACHABLE_CODE = YES;
				CLANG_WARN__DUPLICATE_METHOD_MATCH = YES;
				CODE_SIGN_IDENTITY = "iPhone Developer";
				COPY_PHASE_STRIP = NO;
				DEBUG_INFORMATION_FORMAT = "dwarf-with-dsym";
				ENABLE_NS_ASSERTIONS = NO;
				ENABLE_STRICT_OBJC_MSGSEND = YES;
				GCC_C_LANGUAGE_STANDARD = gnu11;
				GCC_NO_COMMON_BLOCKS = YES;
				GCC_WARN_64_TO_32_BIT_CONVERSION = YES;
				GCC_WARN_ABOUT_RETURN_TYPE = YES_ERROR;
				GCC_WARN_UNDECLARED_SELECTOR = YES;
				GCC_WARN_UNINITIALIZED_AUTOS = YES_AGGRESSIVE;
				GCC_WARN_UNUSED_FUNCTION = YES;
				GCC_WARN_UNUSED_VARIABLE = YES;
				IPHONEOS_DEPLOYMENT_TARGET = 11.4;
				MTL_ENABLE_DEBUG_INFO = NO;
				SDKROOT = iphoneos;
				VALIDATE_PRODUCT = YES;
			};
			name = Release;
		};
		0301180220F412F3006E7D4C /* Debug */ = {
			isa = XCBuildConfiguration;
			baseConfigurationReference = DAF8C435E74BEFF31F1EB7AC /* Pods-Instantgram.debug.xcconfig */;
			buildSettings = {
				ASSETCATALOG_COMPILER_APPICON_NAME = AppIcon;
				CODE_SIGN_STYLE = Automatic;
				DEVELOPMENT_TEAM = U2589U8592;
				INFOPLIST_FILE = Instantgram/Info.plist;
				LD_RUNPATH_SEARCH_PATHS = (
					"$(inherited)",
					"@executable_path/Frameworks",
				);
				PRODUCT_BUNDLE_IDENTIFIER = com.ojorasch.Instantgram;
				PRODUCT_NAME = "$(TARGET_NAME)";
				TARGETED_DEVICE_FAMILY = "1,2";
			};
			name = Debug;
		};
		0301180320F412F3006E7D4C /* Release */ = {
			isa = XCBuildConfiguration;
			baseConfigurationReference = C0E915683B0AA2E212D0111B /* Pods-Instantgram.release.xcconfig */;
			buildSettings = {
				ASSETCATALOG_COMPILER_APPICON_NAME = AppIcon;
				CODE_SIGN_STYLE = Automatic;
				DEVELOPMENT_TEAM = U2589U8592;
				INFOPLIST_FILE = Instantgram/Info.plist;
				LD_RUNPATH_SEARCH_PATHS = (
					"$(inherited)",
					"@executable_path/Frameworks",
				);
				PRODUCT_BUNDLE_IDENTIFIER = com.ojorasch.Instantgram;
				PRODUCT_NAME = "$(TARGET_NAME)";
				TARGETED_DEVICE_FAMILY = "1,2";
			};
			name = Release;
		};
		0301180520F412F3006E7D4C /* Debug */ = {
			isa = XCBuildConfiguration;
			baseConfigurationReference = 58458170CC444FD7100D3DD1 /* Pods-InstantgramTests.debug.xcconfig */;
			buildSettings = {
				BUNDLE_LOADER = "$(TEST_HOST)";
				CODE_SIGN_STYLE = Automatic;
				DEVELOPMENT_TEAM = U2589U8592;
				INFOPLIST_FILE = InstantgramTests/Info.plist;
				LD_RUNPATH_SEARCH_PATHS = (
					"$(inherited)",
					"@executable_path/Frameworks",
					"@loader_path/Frameworks",
				);
				PRODUCT_BUNDLE_IDENTIFIER = com.ojorasch.InstantgramTests;
				PRODUCT_NAME = "$(TARGET_NAME)";
				TARGETED_DEVICE_FAMILY = "1,2";
				TEST_HOST = "$(BUILT_PRODUCTS_DIR)/Instantgram.app/Instantgram";
			};
			name = Debug;
		};
		0301180620F412F3006E7D4C /* Release */ = {
			isa = XCBuildConfiguration;
			baseConfigurationReference = D5BC65EF4DEA23808EF14519 /* Pods-InstantgramTests.release.xcconfig */;
			buildSettings = {
				BUNDLE_LOADER = "$(TEST_HOST)";
				CODE_SIGN_STYLE = Automatic;
				DEVELOPMENT_TEAM = U2589U8592;
				INFOPLIST_FILE = InstantgramTests/Info.plist;
				LD_RUNPATH_SEARCH_PATHS = (
					"$(inherited)",
					"@executable_path/Frameworks",
					"@loader_path/Frameworks",
				);
				PRODUCT_BUNDLE_IDENTIFIER = com.ojorasch.InstantgramTests;
				PRODUCT_NAME = "$(TARGET_NAME)";
				TARGETED_DEVICE_FAMILY = "1,2";
				TEST_HOST = "$(BUILT_PRODUCTS_DIR)/Instantgram.app/Instantgram";
			};
			name = Release;
		};
		0301180820F412F3006E7D4C /* Debug */ = {
			isa = XCBuildConfiguration;
			baseConfigurationReference = F03E8D78912801D38D90DD87 /* Pods-InstantgramUITests.debug.xcconfig */;
			buildSettings = {
				CODE_SIGN_STYLE = Automatic;
				DEVELOPMENT_TEAM = U2589U8592;
				INFOPLIST_FILE = InstantgramUITests/Info.plist;
				LD_RUNPATH_SEARCH_PATHS = (
					"$(inherited)",
					"@executable_path/Frameworks",
					"@loader_path/Frameworks",
				);
				PRODUCT_BUNDLE_IDENTIFIER = com.ojorasch.InstantgramUITests;
				PRODUCT_NAME = "$(TARGET_NAME)";
				TARGETED_DEVICE_FAMILY = "1,2";
				TEST_TARGET_NAME = Instantgram;
			};
			name = Debug;
		};
		0301180920F412F3006E7D4C /* Release */ = {
			isa = XCBuildConfiguration;
			baseConfigurationReference = F46892D9928FB88BC9DCBA86 /* Pods-InstantgramUITests.release.xcconfig */;
			buildSettings = {
				CODE_SIGN_STYLE = Automatic;
				DEVELOPMENT_TEAM = U2589U8592;
				INFOPLIST_FILE = InstantgramUITests/Info.plist;
				LD_RUNPATH_SEARCH_PATHS = (
					"$(inherited)",
					"@executable_path/Frameworks",
					"@loader_path/Frameworks",
				);
				PRODUCT_BUNDLE_IDENTIFIER = com.ojorasch.InstantgramUITests;
				PRODUCT_NAME = "$(TARGET_NAME)";
				TARGETED_DEVICE_FAMILY = "1,2";
				TEST_TARGET_NAME = Instantgram;
			};
			name = Release;
		};
/* End XCBuildConfiguration section */

/* Begin XCConfigurationList section */
		030117D020F412F1006E7D4C /* Build configuration list for PBXProject "Instantgram" */ = {
			isa = XCConfigurationList;
			buildConfigurations = (
				030117FF20F412F3006E7D4C /* Debug */,
				0301180020F412F3006E7D4C /* Release */,
			);
			defaultConfigurationIsVisible = 0;
			defaultConfigurationName = Release;
		};
		0301180120F412F3006E7D4C /* Build configuration list for PBXNativeTarget "Instantgram" */ = {
			isa = XCConfigurationList;
			buildConfigurations = (
				0301180220F412F3006E7D4C /* Debug */,
				0301180320F412F3006E7D4C /* Release */,
			);
			defaultConfigurationIsVisible = 0;
			defaultConfigurationName = Release;
		};
		0301180420F412F3006E7D4C /* Build configuration list for PBXNativeTarget "InstantgramTests" */ = {
			isa = XCConfigurationList;
			buildConfigurations = (
				0301180520F412F3006E7D4C /* Debug */,
				0301180620F412F3006E7D4C /* Release */,
			);
			defaultConfigurationIsVisible = 0;
			defaultConfigurationName = Release;
		};
		0301180720F412F3006E7D4C /* Build configuration list for PBXNativeTarget "InstantgramUITests" */ = {
			isa = XCConfigurationList;
			buildConfigurations = (
				0301180820F412F3006E7D4C /* Debug */,
				0301180920F412F3006E7D4C /* Release */,
			);
			defaultConfigurationIsVisible = 0;
			defaultConfigurationName = Release;
		};
/* End XCConfigurationList section */
	};
	rootObject = 030117CD20F412F1006E7D4C /* Project object */;
}
